
Microsoft Visual Studio Solution File, Format Version 12.00
# Visual Studio Version 17
VisualStudioVersion = 17.11.35303.130
MinimumVisualStudioVersion = 10.0.40219.1
Project("{FAE04EC0-301F-11D3-BF4B-00C04F79EFBC}") = "KT0720DuongThiAnhHong_64130758", "KT0720DuongThiAnhHong_64130758\KT0720DuongThiAnhHong_64130758.csproj", "{639DDA1C-BEA6-485F-B470-FC8929D14131}"
EndProject
Global
	GlobalSection(SolutionConfigurationPlatforms) = preSolution
		Debug|Any CPU = Debug|Any CPU
		Release|Any CPU = Release|Any CPU
	EndGlobalSection
	GlobalSection(ProjectConfigurationPlatforms) = postSolution
		{639DDA1C-BEA6-485F-B470-FC8929D14131}.Debug|Any CPU.ActiveCfg = Debug|Any CPU
		{639DDA1C-BEA6-485F-B470-FC8929D14131}.Debug|Any CPU.Build.0 = Debug|Any CPU
		{639DDA1C-BEA6-485F-B470-FC8929D14131}.Release|Any CPU.ActiveCfg = Release|Any CPU
		{639DDA1C-BEA6-485F-B470-FC8929D14131}.Release|Any CPU.Build.0 = Release|Any CPU
	EndGlobalSection
	GlobalSection(SolutionProperties) = preSolution
		HideSolutionNode = FALSE
	EndGlobalSection
	GlobalSection(ExtensibilityGlobals) = postSolution
		SolutionGuid = {648E08BF-D44A-4D4B-89EB-EF0EBA48969A}
	EndGlobalSection
EndGlobal
