
Microsoft Visual Studio Solution File, Format Version 12.00
# Visual Studio Version 17
VisualStudioVersion = 17.11.35303.130
MinimumVisualStudioVersion = 10.0.40219.1
Project("{FAE04EC0-301F-11D3-BF4B-00C04F79EFBC}") = "BaiTap2_64130758", "BaiTap2_64130758\BaiTap2_64130758.csproj", "{6B88990B-C875-4FF0-9AE8-50249AD2F732}"
EndProject
Global
	GlobalSection(SolutionConfigurationPlatforms) = preSolution
		Debug|Any CPU = Debug|Any CPU
		Release|Any CPU = Release|Any CPU
	EndGlobalSection
	GlobalSection(ProjectConfigurationPlatforms) = postSolution
		{6B88990B-C875-4FF0-9AE8-50249AD2F732}.Debug|Any CPU.ActiveCfg = Debug|Any CPU
		{6B88990B-C875-4FF0-9AE8-50249AD2F732}.Debug|Any CPU.Build.0 = Debug|Any CPU
		{6B88990B-C875-4FF0-9AE8-50249AD2F732}.Release|Any CPU.ActiveCfg = Release|Any CPU
		{6B88990B-C875-4FF0-9AE8-50249AD2F732}.Release|Any CPU.Build.0 = Release|Any CPU
	EndGlobalSection
	GlobalSection(SolutionProperties) = preSolution
		HideSolutionNode = FALSE
	EndGlobalSection
	GlobalSection(ExtensibilityGlobals) = postSolution
		SolutionGuid = {82E9F1C9-0D62-491C-AFD4-8D47C9D3A2AB}
	EndGlobalSection
EndGlobal
