
Microsoft Visual Studio Solution File, Format Version 12.00
# Visual Studio Version 17
VisualStudioVersion = 17.11.35303.130
MinimumVisualStudioVersion = 10.0.40219.1
Project("{FAE04EC0-301F-11D3-BF4B-00C04F79EFBC}") = "Thi64CNTTCLC2_64130758", "Thi64CNTTCLC2_64130758\Thi64CNTTCLC2_64130758.csproj", "{1672A62A-820F-4B0D-AD5C-2270FFDAB12C}"
EndProject
Global
	GlobalSection(SolutionConfigurationPlatforms) = preSolution
		Debug|Any CPU = Debug|Any CPU
		Release|Any CPU = Release|Any CPU
	EndGlobalSection
	GlobalSection(ProjectConfigurationPlatforms) = postSolution
		{1672A62A-820F-4B0D-AD5C-2270FFDAB12C}.Debug|Any CPU.ActiveCfg = Debug|Any CPU
		{1672A62A-820F-4B0D-AD5C-2270FFDAB12C}.Debug|Any CPU.Build.0 = Debug|Any CPU
		{1672A62A-820F-4B0D-AD5C-2270FFDAB12C}.Release|Any CPU.ActiveCfg = Release|Any CPU
		{1672A62A-820F-4B0D-AD5C-2270FFDAB12C}.Release|Any CPU.Build.0 = Release|Any CPU
	EndGlobalSection
	GlobalSection(SolutionProperties) = preSolution
		HideSolutionNode = FALSE
	EndGlobalSection
	GlobalSection(ExtensibilityGlobals) = postSolution
		SolutionGuid = {CE995DB1-6A21-41CB-ABC0-DA1CB63B6B80}
	EndGlobalSection
EndGlobal
